{
  "version": 4,
  "terraform_version": "0.14.9",
  "serial": 97,
  "lineage": "9a246f87-0e6f-709c-c57c-f14689e87340",
  "outputs": {},
  "resources": [
    {
      "mode": "managed",
      "type": "okta_app_oauth",
      "name": "collection_app",
      "provider": "provider[\"registry.terraform.io/oktadeveloper/okta\"]",
      "instances": [
        {
          "schema_version": 0,
          "attributes": {
            "auto_key_rotation": true,
            "auto_submit_toolbar": false,
            "client_basic_secret": null,
            "client_id": "0oac28ycaLJ5IRWZE5d6",
            "client_secret": "",
            "client_uri": "",
            "consent_method": "TRUSTED",
            "custom_client_id": null,
            "grant_types": [
              "authorization_code"
            ],
            "groups": [
              "00gc1ooy2rAC0QluB5d6",
              "00gc1qhzgCyvQ1ZSg5d6",
              "00gc1sd67UOUKGqyh5d6",
              "00gc1uuzj10JGZzhZ5d6"
            ],
            "hide_ios": true,
            "hide_web": true,
            "id": "0oac28ycaLJ5IRWZE5d6",
            "implicit_assignment": null,
            "issuer_mode": "ORG_URL",
            "jwks": [],
            "label": "Collection app",
            "login_mode": "DISABLED",
            "login_scopes": [],
            "login_uri": "",
            "logo_uri": "",
            "name": "oidc_client",
            "omit_secret": false,
            "policy_uri": "",
            "post_logout_redirect_uris": [
              "http://localhost/logout/callback"
            ],
            "profile": "",
            "redirect_uris": [
              "file://localhost/login/callback",
              "http://localhost/login/callback"
            ],
            "response_types": [
              "code"
            ],
            "sign_on_mode": "OPENID_CONNECT",
            "status": "ACTIVE",
            "token_endpoint_auth_method": "none",
            "tos_uri": "",
            "type": "browser",
            "users": []
          },
          "sensitive_attributes": [],
          "private": "bnVsbA==",
          "dependencies": [
            "okta_group.collection_administrators",
            "okta_group.collection_guests",
            "okta_group.collection_line_managers",
            "okta_group.collection_team"
          ]
        }
      ]
    },
    {
      "mode": "managed",
      "type": "okta_app_user_schema",
      "name": "employmentType",
      "provider": "provider[\"registry.terraform.io/oktadeveloper/okta\"]",
      "instances": [
        {
          "schema_version": 2,
          "attributes": {
            "app_id": "0oac28ycaLJ5IRWZE5d6",
            "array_enum": null,
            "array_one_of": [],
            "array_type": null,
            "description": "",
            "enum": null,
            "external_name": "",
            "external_namespace": "",
            "id": "0oac28ycaLJ5IRWZE5d6/employmentType",
            "index": "employmentType",
            "master": "PROFILE_MASTER",
            "max_length": 0,
            "min_length": 0,
            "one_of": [],
            "pattern": "",
            "permissions": "READ_ONLY",
            "required": false,
            "scope": "SELF",
            "title": "Employment type",
            "type": "string",
            "union": false,
            "unique": "",
            "user_type": "default"
          },
          "sensitive_attributes": [],
          "private": "eyJzY2hlbWFfdmVyc2lvbiI6IjIifQ==",
          "dependencies": [
            "okta_app_oauth.collection_app"
          ]
        }
      ]
    },
    {
      "mode": "managed",
      "type": "okta_app_user_schema",
      "name": "joiningDate",
      "provider": "provider[\"registry.terraform.io/oktadeveloper/okta\"]",
      "instances": [
        {
          "schema_version": 2,
          "attributes": {
            "app_id": "0oac28ycaLJ5IRWZE5d6",
            "array_enum": null,
            "array_one_of": [],
            "array_type": null,
            "description": "",
            "enum": [],
            "external_name": "",
            "external_namespace": "",
            "id": "0oac28ycaLJ5IRWZE5d6/joiningDate",
            "index": "joiningDate",
            "master": "PROFILE_MASTER",
            "max_length": 0,
            "min_length": 0,
            "one_of": [],
            "pattern": "",
            "permissions": "READ_ONLY",
            "required": false,
            "scope": "SELF",
            "title": "Joining Date",
            "type": "string",
            "union": false,
            "unique": "",
            "user_type": "default"
          },
          "sensitive_attributes": [],
          "private": "eyJzY2hlbWFfdmVyc2lvbiI6IjIifQ==",
          "dependencies": [
            "okta_app_oauth.collection_app",
            "okta_group.collection_administrators",
            "okta_group.collection_guests",
            "okta_group.collection_line_managers",
            "okta_group.collection_team"
          ]
        }
      ]
    },
    {
      "mode": "managed",
      "type": "okta_app_user_schema",
      "name": "leaveDate",
      "provider": "provider[\"registry.terraform.io/oktadeveloper/okta\"]",
      "instances": [
        {
          "schema_version": 2,
          "attributes": {
            "app_id": "0oac28ycaLJ5IRWZE5d6",
            "array_enum": null,
            "array_one_of": [],
            "array_type": null,
            "description": "",
            "enum": [],
            "external_name": "",
            "external_namespace": "",
            "id": "0oac28ycaLJ5IRWZE5d6/leaveDate",
            "index": "leaveDate",
            "master": "PROFILE_MASTER",
            "max_length": 0,
            "min_length": 0,
            "one_of": [],
            "pattern": "",
            "permissions": "READ_ONLY",
            "required": false,
            "scope": "SELF",
            "title": "Leave Date",
            "type": "string",
            "union": false,
            "unique": "",
            "user_type": "default"
          },
          "sensitive_attributes": [],
          "private": "eyJzY2hlbWFfdmVyc2lvbiI6IjIifQ==",
          "dependencies": [
            "okta_app_oauth.collection_app",
            "okta_group.collection_administrators",
            "okta_group.collection_guests",
            "okta_group.collection_line_managers",
            "okta_group.collection_team"
          ]
        }
      ]
    },
    {
      "mode": "managed",
      "type": "okta_app_user_schema",
      "name": "squad",
      "provider": "provider[\"registry.terraform.io/oktadeveloper/okta\"]",
      "instances": [
        {
          "schema_version": 2,
          "attributes": {
            "app_id": "0oac28ycaLJ5IRWZE5d6",
            "array_enum": null,
            "array_one_of": [],
            "array_type": null,
            "description": "",
            "enum": [],
            "external_name": "",
            "external_namespace": "",
            "id": "0oac28ycaLJ5IRWZE5d6/squad",
            "index": "squad",
            "master": "PROFILE_MASTER",
            "max_length": 0,
            "min_length": 0,
            "one_of": [],
            "pattern": "",
            "permissions": "READ_ONLY",
            "required": false,
            "scope": "SELF",
            "title": "Squad",
            "type": "string",
            "union": false,
            "unique": "",
            "user_type": "default"
          },
          "sensitive_attributes": [],
          "private": "eyJzY2hlbWFfdmVyc2lvbiI6IjIifQ==",
          "dependencies": [
            "okta_app_oauth.collection_app",
            "okta_group.collection_administrators",
            "okta_group.collection_guests",
            "okta_group.collection_line_managers",
            "okta_group.collection_team"
          ]
        }
      ]
    },
    {
      "mode": "managed",
      "type": "okta_group",
      "name": "collection_administrators",
      "provider": "provider[\"registry.terraform.io/oktadeveloper/okta\"]",
      "instances": [
        {
          "schema_version": 0,
          "attributes": {
            "description": "Collection app administrators",
            "id": "00gc1ooy2rAC0QluB5d6",
            "name": "Collection_Administrators",
            "users": null
          },
          "sensitive_attributes": [],
          "private": "bnVsbA=="
        }
      ]
    },
    {
      "mode": "managed",
      "type": "okta_group",
      "name": "collection_guests",
      "provider": "provider[\"registry.terraform.io/oktadeveloper/okta\"]",
      "instances": [
        {
          "schema_version": 0,
          "attributes": {
            "description": "Collection app guests",
            "id": "00gc1sd67UOUKGqyh5d6",
            "name": "Collection_Guests",
            "users": null
          },
          "sensitive_attributes": [],
          "private": "bnVsbA=="
        }
      ]
    },
    {
      "mode": "managed",
      "type": "okta_group",
      "name": "collection_line_managers",
      "provider": "provider[\"registry.terraform.io/oktadeveloper/okta\"]",
      "instances": [
        {
          "schema_version": 0,
          "attributes": {
            "description": "Collection app line managers",
            "id": "00gc1uuzj10JGZzhZ5d6",
            "name": "Collection_Line_Managers",
            "users": null
          },
          "sensitive_attributes": [],
          "private": "bnVsbA=="
        }
      ]
    },
    {
      "mode": "managed",
      "type": "okta_group",
      "name": "collection_team",
      "provider": "provider[\"registry.terraform.io/oktadeveloper/okta\"]",
      "instances": [
        {
          "schema_version": 0,
          "attributes": {
            "description": "Collection app team members",
            "id": "00gc1qhzgCyvQ1ZSg5d6",
            "name": "Collection_Team",
            "users": null
          },
          "sensitive_attributes": [],
          "private": "bnVsbA=="
        }
      ]
    },
    {
      "mode": "managed",
      "type": "okta_group_role",
      "name": "collection_administrators",
      "provider": "provider[\"registry.terraform.io/oktadeveloper/okta\"]",
      "instances": [
        {
          "schema_version": 0,
          "attributes": {
            "group_id": "00gc1ooy2rAC0QluB5d6",
            "id": "KVJUKUS7IFCE2SKO",
            "role_type": "USER_ADMIN",
            "target_app_list": null,
            "target_group_list": [
              "00gc1ooy2rAC0QluB5d6",
              "00gc1qhzgCyvQ1ZSg5d6",
              "00gc1sd67UOUKGqyh5d6",
              "00gc1uuzj10JGZzhZ5d6"
            ]
          },
          "sensitive_attributes": [],
          "private": "bnVsbA==",
          "dependencies": [
            "okta_group.collection_administrators",
            "okta_group.collection_guests",
            "okta_group.collection_line_managers",
            "okta_group.collection_team"
          ]
        }
      ]
    },
    {
      "mode": "managed",
      "type": "okta_group_role",
      "name": "collection_line_managers",
      "provider": "provider[\"registry.terraform.io/oktadeveloper/okta\"]",
      "instances": [
        {
          "schema_version": 0,
          "attributes": {
            "group_id": "00gc1uuzj10JGZzhZ5d6",
            "id": "I5JE6VKQL5GUKTKCIVJFGSCJKBPUCRCNJFHA",
            "role_type": "GROUP_MEMBERSHIP_ADMIN",
            "target_app_list": null,
            "target_group_list": [
              "00gc1qhzgCyvQ1ZSg5d6",
              "00gc1sd67UOUKGqyh5d6"
            ]
          },
          "sensitive_attributes": [],
          "private": "bnVsbA==",
          "dependencies": [
            "okta_group.collection_guests",
            "okta_group.collection_line_managers",
            "okta_group.collection_team"
          ]
        }
      ]
    },
    {
      "mode": "managed",
      "type": "okta_idp_social",
      "name": "google",
      "provider": "provider[\"registry.terraform.io/oktadeveloper/okta\"]",
      "instances": [
        {
          "schema_version": 0,
          "attributes": {
            "account_link_action": "AUTO",
            "account_link_group_include": null,
            "authorization_binding": null,
            "authorization_url": null,
            "client_id": "455763988753-gnhuo78tmtpqecdot2ufapsjkhiemccc.apps.googleusercontent.com",
            "client_secret": "Wm45-AMAdyxWQWTgXKFJ2QDk",
            "deprovisioned_action": "NONE",
            "groups_action": "NONE",
            "groups_assignment": [],
            "groups_attribute": "",
            "groups_filter": [],
            "id": "0oac1jyseUW994pL05d6",
            "issuer_mode": "ORG_URL",
            "match_attribute": null,
            "match_type": null,
            "max_clock_skew": 0,
            "name": "collection google idp",
            "profile_master": false,
            "protocol_type": "OIDC",
            "provisioning_action": "AUTO",
            "request_signature_algorithm": "SHA-256",
            "request_signature_scope": null,
            "response_signature_algorithm": "SHA-256",
            "response_signature_scope": null,
            "scopes": [
              "email",
              "openid",
              "profile"
            ],
            "status": "ACTIVE",
            "subject_match_attribute": "",
            "subject_match_type": "USERNAME",
            "suspended_action": "NONE",
            "token_binding": null,
            "token_url": null,
            "type": "GOOGLE",
            "username_template": "idpuser.email"
          },
          "sensitive_attributes": [],
          "private": "bnVsbA=="
        }
      ]
    },
    {
      "mode": "managed",
      "type": "okta_user_schema",
      "name": "employmentType",
      "provider": "provider[\"registry.terraform.io/oktadeveloper/okta\"]",
      "instances": [
        {
          "schema_version": 1,
          "attributes": {
            "array_enum": null,
            "array_one_of": [],
            "array_type": null,
            "description": "",
            "enum": [],
            "external_name": "",
            "external_namespace": "",
            "id": "employmentType",
            "index": "employmentType",
            "master": "PROFILE_MASTER",
            "master_override_priority": [],
            "max_length": 0,
            "min_length": 0,
            "one_of": [],
            "pattern": "",
            "permissions": "READ_ONLY",
            "required": false,
            "scope": "SELF",
            "title": "Employment type",
            "type": "string",
            "unique": "",
            "user_type": "otyjwixb2x3b3X3AT5d6"
          },
          "sensitive_attributes": [],
          "private": "eyJzY2hlbWFfdmVyc2lvbiI6IjEifQ==",
          "dependencies": [
            "okta_user_type.collection_user"
          ]
        }
      ]
    },
    {
      "mode": "managed",
      "type": "okta_user_schema",
      "name": "joiningDate",
      "provider": "provider[\"registry.terraform.io/oktadeveloper/okta\"]",
      "instances": [
        {
          "schema_version": 1,
          "attributes": {
            "array_enum": null,
            "array_one_of": [],
            "array_type": null,
            "description": "",
            "enum": [],
            "external_name": "",
            "external_namespace": "",
            "id": "joiningDate",
            "index": "joiningDate",
            "master": "PROFILE_MASTER",
            "master_override_priority": [],
            "max_length": 0,
            "min_length": 0,
            "one_of": [],
            "pattern": "",
            "permissions": "READ_ONLY",
            "required": false,
            "scope": "SELF",
            "title": "Joining Date",
            "type": "string",
            "unique": "",
            "user_type": "otyjwixb2x3b3X3AT5d6"
          },
          "sensitive_attributes": [],
          "private": "eyJzY2hlbWFfdmVyc2lvbiI6IjEifQ==",
          "dependencies": [
            "okta_user_type.collection_user"
          ]
        }
      ]
    },
    {
      "mode": "managed",
      "type": "okta_user_schema",
      "name": "leaveDate",
      "provider": "provider[\"registry.terraform.io/oktadeveloper/okta\"]",
      "instances": [
        {
          "schema_version": 1,
          "attributes": {
            "array_enum": null,
            "array_one_of": [],
            "array_type": null,
            "description": "",
            "enum": [],
            "external_name": "",
            "external_namespace": "",
            "id": "leaveDate",
            "index": "leaveDate",
            "master": "PROFILE_MASTER",
            "master_override_priority": [],
            "max_length": 0,
            "min_length": 0,
            "one_of": [],
            "pattern": "",
            "permissions": "READ_ONLY",
            "required": false,
            "scope": "SELF",
            "title": "Leave Date",
            "type": "string",
            "unique": "",
            "user_type": "otyjwixb2x3b3X3AT5d6"
          },
          "sensitive_attributes": [],
          "private": "eyJzY2hlbWFfdmVyc2lvbiI6IjEifQ==",
          "dependencies": [
            "okta_user_type.collection_user"
          ]
        }
      ]
    },
    {
      "mode": "managed",
      "type": "okta_user_schema",
      "name": "squad",
      "provider": "provider[\"registry.terraform.io/oktadeveloper/okta\"]",
      "instances": [
        {
          "schema_version": 1,
          "attributes": {
            "array_enum": null,
            "array_one_of": [],
            "array_type": null,
            "description": "",
            "enum": [],
            "external_name": "",
            "external_namespace": "",
            "id": "squad",
            "index": "squad",
            "master": "PROFILE_MASTER",
            "master_override_priority": [],
            "max_length": 0,
            "min_length": 0,
            "one_of": [],
            "pattern": "",
            "permissions": "READ_ONLY",
            "required": false,
            "scope": "SELF",
            "title": "Squad",
            "type": "string",
            "unique": "",
            "user_type": "otyjwixb2x3b3X3AT5d6"
          },
          "sensitive_attributes": [],
          "private": "eyJzY2hlbWFfdmVyc2lvbiI6IjEifQ==",
          "dependencies": [
            "okta_user_type.collection_user"
          ]
        }
      ]
    },
    {
      "mode": "managed",
      "type": "okta_user_schema",
      "name": "target",
      "provider": "provider[\"registry.terraform.io/oktadeveloper/okta\"]",
      "instances": [
        {
          "schema_version": 1,
          "attributes": {
            "array_enum": null,
            "array_one_of": [],
            "array_type": null,
            "description": "",
            "enum": [],
            "external_name": "",
            "external_namespace": "",
            "id": "target",
            "index": "target",
            "master": "PROFILE_MASTER",
            "master_override_priority": [],
            "max_length": 0,
            "min_length": 0,
            "one_of": [],
            "pattern": "",
            "permissions": "READ_ONLY",
            "required": false,
            "scope": "SELF",
            "title": "Target",
            "type": "string",
            "unique": "",
            "user_type": "otyjwixb2x3b3X3AT5d6"
          },
          "sensitive_attributes": [],
          "private": "eyJzY2hlbWFfdmVyc2lvbiI6IjEifQ==",
          "dependencies": [
            "okta_user_type.collection_user"
          ]
        }
      ]
    },
    {
      "mode": "managed",
      "type": "okta_user_type",
      "name": "collection_user",
      "provider": "provider[\"registry.terraform.io/oktadeveloper/okta\"]",
      "instances": [
        {
          "schema_version": 0,
          "attributes": {
            "description": "Collection User",
            "display_name": "Collection User",
            "id": "otyjwixb2x3b3X3AT5d6",
            "name": "collection_user"
          },
          "sensitive_attributes": [],
          "private": "bnVsbA=="
        }
      ]
    }
  ]
}
